{
  "name": "birthday-postcard",
  "version": "0.0.0",
  "lockfileVersion": 3,
  "requires": true,
  "packages": {
    "": {
      "name": "birthday-postcard",
      "version": "0.0.0",
      "dependencies": {
        "react": "^18.3.1",
        "react-dom": "^18.3.1"
      },
      "devDependencies": {
        "@types/react": "^18.3.3",
        "@types/react-dom": "^18.3.0",
        "@vitejs/plugin-react": "^4.3.1",
        "autoprefixer": "^10.4.19",
        "postcss": "^8.4.38",
        "tailwindcss": "^3.4.4",
        "typescript": "^5.5.3",
        "vite": "^5.4.1",
        "vite-plugin-static-copy": "^1.0.6"
      }
    }
  },
  "dependencies": {
    "react": {
      "version": "^18.3.1",
      "resolved": "",
      "integrity": ""
    },
    "react-dom": {
      "version": "^18.3.1",
      "resolved": "",
      "integrity": ""
    }
  },
  "devDependencies": {
    "@types/react": {
      "version": "^18.3.3",
      "resolved": "",
      "integrity": ""
    },
    "@types/react-dom": {
      "version": "^18.3.0",
      "resolved": "",
      "integrity": ""
    },
    "@vitejs/plugin-react": {
      "version": "^4.3.1",
      "resolved": "",
      "integrity": ""
    },
    "autoprefixer": {
      "version": "^10.4.19",
      "resolved": "",
      "integrity": ""
    },
    "postcss": {
      "version": "^8.4.38",
      "resolved": "",
      "integrity": ""
    },
    "tailwindcss": {
      "version": "^3.4.4",
      "resolved": "",
      "integrity": ""
    },
    "typescript": {
      "version": "^5.5.3",
      "resolved": "",
      "integrity": ""
    },
    "vite": {
      "version": "^5.4.1",
      "resolved": "",
      "integrity": ""
    },
    "vite-plugin-static-copy": {
      "version": "^1.0.6",
      "resolved": "",
      "integrity": ""
    }
  }
}
